
Microsoft Visual Studio Solution File, Format Version 12.00
# Visual Studio 15
VisualStudioVersion = 15.0.27130.2024
MinimumVisualStudioVersion = 10.0.40219.1
Project("{FAE04EC0-301F-11D3-BF4B-00C04F79EFBC}") = "Mensagem_de_progresso_de_arquivo", "Mensagem_de_progresso_de_arquivo\Mensagem_de_progresso_de_arquivo.csproj", "{5B7A74FE-D5EA-485A-8EE5-94403CB97A2C}"
EndProject
Global
	GlobalSection(SolutionConfigurationPlatforms) = preSolution
		Debug|Any CPU = Debug|Any CPU
		Release|Any CPU = Release|Any CPU
	EndGlobalSection
	GlobalSection(ProjectConfigurationPlatforms) = postSolution
		{5B7A74FE-D5EA-485A-8EE5-94403CB97A2C}.Debug|Any CPU.ActiveCfg = Debug|Any CPU
		{5B7A74FE-D5EA-485A-8EE5-94403CB97A2C}.Debug|Any CPU.Build.0 = Debug|Any CPU
		{5B7A74FE-D5EA-485A-8EE5-94403CB97A2C}.Release|Any CPU.ActiveCfg = Release|Any CPU
		{5B7A74FE-D5EA-485A-8EE5-94403CB97A2C}.Release|Any CPU.Build.0 = Release|Any CPU
	EndGlobalSection
	GlobalSection(SolutionProperties) = preSolution
		HideSolutionNode = FALSE
	EndGlobalSection
	GlobalSection(ExtensibilityGlobals) = postSolution
		SolutionGuid = {CF5872C4-D5F6-4AAF-8448-046FBFB86C91}
	EndGlobalSection
EndGlobal
